
Microsoft Visual Studio Solution File, Format Version 12.00
# Visual Studio Version 17
VisualStudioVersion = 17.0.31903.59
MinimumVisualStudioVersion = 10.0.40219.1
Project("{2150E333-8FDC-42A3-9474-1A3956D46DE8}") = "src", "src", "{827E0CD3-B72D-47B6-A68D-7590B98EB39B}"
EndProject
Project("{FAE04EC0-301F-11D3-BF4B-00C04F79EFBC}") = "MojRok.Domain", "src\MojRok.Domain\MojRok.Domain.csproj", "{C1AC97C4-2324-4F54-8AF3-F90F91080E12}"
EndProject
Project("{FAE04EC0-301F-11D3-BF4B-00C04F79EFBC}") = "MojRok.Application", "src\MojRok.Application\MojRok.Application.csproj", "{AE0F743F-32D0-40B9-B2DC-DA8DC3CB2C40}"
EndProject
Project("{FAE04EC0-301F-11D3-BF4B-00C04F79EFBC}") = "MojRok.Infrastructure", "src\MojRok.Infrastructure\MojRok.Infrastructure.csproj", "{55EF929C-FC4B-4848-852F-607421839910}"
EndProject
Project("{FAE04EC0-301F-11D3-BF4B-00C04F79EFBC}") = "MojRok.API", "src\MojRok.API\MojRok.API.csproj", "{007C9D1E-5C7B-4183-B45A-B76A09B94FBB}"
EndProject
Project("{FAE04EC0-301F-11D3-BF4B-00C04F79EFBC}") = "MojRok.Client", "src\MojRok.Client\MojRok.Client.csproj", "{D181980F-4EC9-4263-B9C6-2DFF54F4606A}"
EndProject
Project("{2150E333-8FDC-42A3-9474-1A3956D46DE8}") = "tests", "tests", "{0AB3BF05-4346-4AA6-1389-037BE0695223}"
EndProject
Project("{FAE04EC0-301F-11D3-BF4B-00C04F79EFBC}") = "MojRok.Tests", "tests\MojRok.Tests\MojRok.Tests.csproj", "{09995E07-4FA5-4536-B15D-AB3EFF260703}"
EndProject
Global
	GlobalSection(SolutionConfigurationPlatforms) = preSolution
		Debug|Any CPU = Debug|Any CPU
		Debug|x64 = Debug|x64
		Debug|x86 = Debug|x86
		Release|Any CPU = Release|Any CPU
		Release|x64 = Release|x64
		Release|x86 = Release|x86
	EndGlobalSection
	GlobalSection(ProjectConfigurationPlatforms) = postSolution
		{C1AC97C4-2324-4F54-8AF3-F90F91080E12}.Debug|Any CPU.ActiveCfg = Debug|Any CPU
		{C1AC97C4-2324-4F54-8AF3-F90F91080E12}.Debug|Any CPU.Build.0 = Debug|Any CPU
		{C1AC97C4-2324-4F54-8AF3-F90F91080E12}.Debug|x64.ActiveCfg = Debug|Any CPU
		{C1AC97C4-2324-4F54-8AF3-F90F91080E12}.Debug|x64.Build.0 = Debug|Any CPU
		{C1AC97C4-2324-4F54-8AF3-F90F91080E12}.Debug|x86.ActiveCfg = Debug|Any CPU
		{C1AC97C4-2324-4F54-8AF3-F90F91080E12}.Debug|x86.Build.0 = Debug|Any CPU
		{C1AC97C4-2324-4F54-8AF3-F90F91080E12}.Release|Any CPU.ActiveCfg = Release|Any CPU
		{C1AC97C4-2324-4F54-8AF3-F90F91080E12}.Release|Any CPU.Build.0 = Release|Any CPU
		{C1AC97C4-2324-4F54-8AF3-F90F91080E12}.Release|x64.ActiveCfg = Release|Any CPU
		{C1AC97C4-2324-4F54-8AF3-F90F91080E12}.Release|x64.Build.0 = Release|Any CPU
		{C1AC97C4-2324-4F54-8AF3-F90F91080E12}.Release|x86.ActiveCfg = Release|Any CPU
		{C1AC97C4-2324-4F54-8AF3-F90F91080E12}.Release|x86.Build.0 = Release|Any CPU
		{AE0F743F-32D0-40B9-B2DC-DA8DC3CB2C40}.Debug|Any CPU.ActiveCfg = Debug|Any CPU
		{AE0F743F-32D0-40B9-B2DC-DA8DC3CB2C40}.Debug|Any CPU.Build.0 = Debug|Any CPU
		{AE0F743F-32D0-40B9-B2DC-DA8DC3CB2C40}.Debug|x64.ActiveCfg = Debug|Any CPU
		{AE0F743F-32D0-40B9-B2DC-DA8DC3CB2C40}.Debug|x64.Build.0 = Debug|Any CPU
		{AE0F743F-32D0-40B9-B2DC-DA8DC3CB2C40}.Debug|x86.ActiveCfg = Debug|Any CPU
		{AE0F743F-32D0-40B9-B2DC-DA8DC3CB2C40}.Debug|x86.Build.0 = Debug|Any CPU
		{AE0F743F-32D0-40B9-B2DC-DA8DC3CB2C40}.Release|Any CPU.ActiveCfg = Release|Any CPU
		{AE0F743F-32D0-40B9-B2DC-DA8DC3CB2C40}.Release|Any CPU.Build.0 = Release|Any CPU
		{AE0F743F-32D0-40B9-B2DC-DA8DC3CB2C40}.Release|x64.ActiveCfg = Release|Any CPU
		{AE0F743F-32D0-40B9-B2DC-DA8DC3CB2C40}.Release|x64.Build.0 = Release|Any CPU
		{AE0F743F-32D0-40B9-B2DC-DA8DC3CB2C40}.Release|x86.ActiveCfg = Release|Any CPU
		{AE0F743F-32D0-40B9-B2DC-DA8DC3CB2C40}.Release|x86.Build.0 = Release|Any CPU
		{55EF929C-FC4B-4848-852F-607421839910}.Debug|Any CPU.ActiveCfg = Debug|Any CPU
		{55EF929C-FC4B-4848-852F-607421839910}.Debug|Any CPU.Build.0 = Debug|Any CPU
		{55EF929C-FC4B-4848-852F-607421839910}.Debug|x64.ActiveCfg = Debug|Any CPU
		{55EF929C-FC4B-4848-852F-607421839910}.Debug|x64.Build.0 = Debug|Any CPU
		{55EF929C-FC4B-4848-852F-607421839910}.Debug|x86.ActiveCfg = Debug|Any CPU
		{55EF929C-FC4B-4848-852F-607421839910}.Debug|x86.Build.0 = Debug|Any CPU
		{55EF929C-FC4B-4848-852F-607421839910}.Release|Any CPU.ActiveCfg = Release|Any CPU
		{55EF929C-FC4B-4848-852F-607421839910}.Release|Any CPU.Build.0 = Release|Any CPU
		{55EF929C-FC4B-4848-852F-607421839910}.Release|x64.ActiveCfg = Release|Any CPU
		{55EF929C-FC4B-4848-852F-607421839910}.Release|x64.Build.0 = Release|Any CPU
		{55EF929C-FC4B-4848-852F-607421839910}.Release|x86.ActiveCfg = Release|Any CPU
		{55EF929C-FC4B-4848-852F-607421839910}.Release|x86.Build.0 = Release|Any CPU
		{007C9D1E-5C7B-4183-B45A-B76A09B94FBB}.Debug|Any CPU.ActiveCfg = Debug|Any CPU
		{007C9D1E-5C7B-4183-B45A-B76A09B94FBB}.Debug|Any CPU.Build.0 = Debug|Any CPU
		{007C9D1E-5C7B-4183-B45A-B76A09B94FBB}.Debug|x64.ActiveCfg = Debug|Any CPU
		{007C9D1E-5C7B-4183-B45A-B76A09B94FBB}.Debug|x64.Build.0 = Debug|Any CPU
		{007C9D1E-5C7B-4183-B45A-B76A09B94FBB}.Debug|x86.ActiveCfg = Debug|Any CPU
		{007C9D1E-5C7B-4183-B45A-B76A09B94FBB}.Debug|x86.Build.0 = Debug|Any CPU
		{007C9D1E-5C7B-4183-B45A-B76A09B94FBB}.Release|Any CPU.ActiveCfg = Release|Any CPU
		{007C9D1E-5C7B-4183-B45A-B76A09B94FBB}.Release|Any CPU.Build.0 = Release|Any CPU
		{007C9D1E-5C7B-4183-B45A-B76A09B94FBB}.Release|x64.ActiveCfg = Release|Any CPU
		{007C9D1E-5C7B-4183-B45A-B76A09B94FBB}.Release|x64.Build.0 = Release|Any CPU
		{007C9D1E-5C7B-4183-B45A-B76A09B94FBB}.Release|x86.ActiveCfg = Release|Any CPU
		{007C9D1E-5C7B-4183-B45A-B76A09B94FBB}.Release|x86.Build.0 = Release|Any CPU
		{D181980F-4EC9-4263-B9C6-2DFF54F4606A}.Debug|Any CPU.ActiveCfg = Debug|Any CPU
		{D181980F-4EC9-4263-B9C6-2DFF54F4606A}.Debug|Any CPU.Build.0 = Debug|Any CPU
		{D181980F-4EC9-4263-B9C6-2DFF54F4606A}.Debug|x64.ActiveCfg = Debug|Any CPU
		{D181980F-4EC9-4263-B9C6-2DFF54F4606A}.Debug|x64.Build.0 = Debug|Any CPU
		{D181980F-4EC9-4263-B9C6-2DFF54F4606A}.Debug|x86.ActiveCfg = Debug|Any CPU
		{D181980F-4EC9-4263-B9C6-2DFF54F4606A}.Debug|x86.Build.0 = Debug|Any CPU
		{D181980F-4EC9-4263-B9C6-2DFF54F4606A}.Release|Any CPU.ActiveCfg = Release|Any CPU
		{D181980F-4EC9-4263-B9C6-2DFF54F4606A}.Release|Any CPU.Build.0 = Release|Any CPU
		{D181980F-4EC9-4263-B9C6-2DFF54F4606A}.Release|x64.ActiveCfg = Release|Any CPU
		{D181980F-4EC9-4263-B9C6-2DFF54F4606A}.Release|x64.Build.0 = Release|Any CPU
		{D181980F-4EC9-4263-B9C6-2DFF54F4606A}.Release|x86.ActiveCfg = Release|Any CPU
		{D181980F-4EC9-4263-B9C6-2DFF54F4606A}.Release|x86.Build.0 = Release|Any CPU
		{09995E07-4FA5-4536-B15D-AB3EFF260703}.Debug|Any CPU.ActiveCfg = Debug|Any CPU
		{09995E07-4FA5-4536-B15D-AB3EFF260703}.Debug|Any CPU.Build.0 = Debug|Any CPU
		{09995E07-4FA5-4536-B15D-AB3EFF260703}.Debug|x64.ActiveCfg = Debug|Any CPU
		{09995E07-4FA5-4536-B15D-AB3EFF260703}.Debug|x64.Build.0 = Debug|Any CPU
		{09995E07-4FA5-4536-B15D-AB3EFF260703}.Debug|x86.ActiveCfg = Debug|Any CPU
		{09995E07-4FA5-4536-B15D-AB3EFF260703}.Debug|x86.Build.0 = Debug|Any CPU
		{09995E07-4FA5-4536-B15D-AB3EFF260703}.Release|Any CPU.ActiveCfg = Release|Any CPU
		{09995E07-4FA5-4536-B15D-AB3EFF260703}.Release|Any CPU.Build.0 = Release|Any CPU
		{09995E07-4FA5-4536-B15D-AB3EFF260703}.Release|x64.ActiveCfg = Release|Any CPU
		{09995E07-4FA5-4536-B15D-AB3EFF260703}.Release|x64.Build.0 = Release|Any CPU
		{09995E07-4FA5-4536-B15D-AB3EFF260703}.Release|x86.ActiveCfg = Release|Any CPU
		{09995E07-4FA5-4536-B15D-AB3EFF260703}.Release|x86.Build.0 = Release|Any CPU
	EndGlobalSection
	GlobalSection(SolutionProperties) = preSolution
		HideSolutionNode = FALSE
	EndGlobalSection
	GlobalSection(NestedProjects) = preSolution
		{C1AC97C4-2324-4F54-8AF3-F90F91080E12} = {827E0CD3-B72D-47B6-A68D-7590B98EB39B}
		{AE0F743F-32D0-40B9-B2DC-DA8DC3CB2C40} = {827E0CD3-B72D-47B6-A68D-7590B98EB39B}
		{55EF929C-FC4B-4848-852F-607421839910} = {827E0CD3-B72D-47B6-A68D-7590B98EB39B}
		{007C9D1E-5C7B-4183-B45A-B76A09B94FBB} = {827E0CD3-B72D-47B6-A68D-7590B98EB39B}
		{D181980F-4EC9-4263-B9C6-2DFF54F4606A} = {827E0CD3-B72D-47B6-A68D-7590B98EB39B}
		{09995E07-4FA5-4536-B15D-AB3EFF260703} = {0AB3BF05-4346-4AA6-1389-037BE0695223}
	EndGlobalSection
EndGlobal
